// !$*UTF8*$!
{
	archiveVersion = 1;
	classes = {
	};
	objectVersion = 46;
	objects = {

/* Begin PBXBuildFile section */
		6A91036A1D5315230009451B /* AppDelegate.swift in Sources */ = {isa = PBXBuildFile; fileRef = 6A9103691D5315230009451B /* AppDelegate.swift */; };
		6A91036C1D5315230009451B /* ViewController.swift in Sources */ = {isa = PBXBuildFile; fileRef = 6A91036B1D5315230009451B /* ViewController.swift */; };
		6A91036F1D5315230009451B /* Main.storyboard in Resources */ = {isa = PBXBuildFile; fileRef = 6A91036D1D5315230009451B /* Main.storyboard */; };
		6A9103711D5315230009451B /* Assets.xcassets in Resources */ = {isa = PBXBuildFile; fileRef = 6A9103701D5315230009451B /* Assets.xcassets */; };
		6A9103741D5315230009451B /* LaunchScreen.storyboard in Resources */ = {isa = PBXBuildFile; fileRef = 6A9103721D5315230009451B /* LaunchScreen.storyboard */; };
/* End PBXBuildFile section */

/* Begin PBXFileReference section */
		6A9103661D5315230009451B /* TKSectorProgressView.app */ = {isa = PBXFileReference; explicitFileType = wrapper.application; includeInIndex = 0; path = TKSectorProgressView.app; sourceTree = BUILT_PRODUCTS_DIR; };
		6A9103691D5315230009451B /* AppDelegate.swift */ = {isa = PBXFileReference; lastKnownFileType = sourcecode.swift; path = AppDelegate.swift; sourceTree = "<group>"; };
		6A91036B1D5315230009451B /* ViewController.swift */ = {isa = PBXFileReference; lastKnownFileType = sourcecode.swift; path = ViewController.swift; sourceTree = "<group>"; };
		6A91036E1D5315230009451B /* Base */ = {isa = PBXFileReference; lastKnownFileType = file.storyboard; name = Base; path = Base.lproj/Main.storyboard; sourceTree = "<group>"; };
		6A9103701D5315230009451B /* Assets.xcassets */ = {isa = PBXFileReference; lastKnownFileType = folder.assetcatalog; path = Assets.xcassets; sourceTree = "<group>"; };
		6A9103731D5315230009451B /* Base */ = {isa = PBXFileReference; lastKnownFileType = file.storyboard; name = Base; path = Base.lproj/LaunchScreen.storyboard; sourceTree = "<group>"; };
		6A9103751D5315230009451B /* Info.plist */ = {isa = PBXFileReference; lastKnownFileType = text.plist.xml; path = Info.plist; sourceTree = "<group>"; };
/* End PBXFileReference section */

/* Begin PBXFrameworksBuildPhase section */
		6A9103631D5315230009451B /* Frameworks */ = {
			isa = PBXFrameworksBuildPhase;
			buildActionMask = 2147483647;
			files = (
			);
			runOnlyForDeploymentPostprocessing = 0;
		};
/* End PBXFrameworksBuildPhase section */

/* Begin PBXGroup section */
		6A91035D1D5315230009451B = {
			isa = PBXGroup;
			children = (
				6A9103681D5315230009451B /* TKSectorProgressView */,
				6A9103671D5315230009451B /* Products */,
			);
			sourceTree = "<group>";
		};
		6A9103671D5315230009451B /* Products */ = {
			isa = PBXGroup;
			children = (
				6A9103661D5315230009451B /* TKSectorProgressView.app */,
			);
			name = Products;
			sourceTree = "<group>";
		};
		6A9103681D5315230009451B /* TKSectorProgressView */ = {
			isa = PBXGroup;
			children = (
				6A9103691D5315230009451B /* AppDelegate.swift */,
				6A91036B1D5315230009451B /* ViewController.swift */,
				6A91036D1D5315230009451B /* Main.storyboard */,
				6A9103701D5315230009451B /* Assets.xcassets */,
				6A9103721D5315230009451B /* LaunchScreen.storyboard */,
				6A9103751D5315230009451B /* Info.plist */,
			);
			path = TKSectorProgressView;
			sourceTree = "<group>";
		};
/* End PBXGroup section */

/* Begin PBXNativeTarget section */
		6A9103651D5315230009451B /* TKSectorProgressView */ = {
			isa = PBXNativeTarget;
			buildConfigurationList = 6A9103781D5315230009451B /* Build configuration list for PBXNativeTarget "TKSectorProgressView" */;
			buildPhases = (
				6A9103621D5315230009451B /* Sources */,
				6A9103631D5315230009451B /* Frameworks */,
				6A9103641D5315230009451B /* Resources */,
			);
			buildRules = (
			);
			dependencies = (
			);
			name = TKSectorProgressView;
			productName = TKSectorProgressView;
			productReference = 6A9103661D5315230009451B /* TKSectorProgressView.app */;
			productType = "com.apple.product-type.application";
		};
/* End PBXNativeTarget section */

/* Begin PBXProject section */
		6A91035E1D5315230009451B /* Project object */ = {
			isa = PBXProject;
			attributes = {
				LastSwiftUpdateCheck = 0730;
				LastUpgradeCheck = 0730;
				ORGANIZATIONNAME = Tbxark;
				TargetAttributes = {
					6A9103651D5315230009451B = {
						CreatedOnToolsVersion = 7.3.1;
					};
				};
			};
			buildConfigurationList = 6A9103611D5315230009451B /* Build configuration list for PBXProject "TKSectorProgressView" */;
			compatibilityVersion = "Xcode 3.2";
			developmentRegion = English;
			hasScannedForEncodings = 0;
			knownRegions = (
				en,
				Base,
			);
			mainGroup = 6A91035D1D5315230009451B;
			productRefGroup = 6A9103671D5315230009451B /* Products */;
			projectDirPath = "";
			projectRoot = "";
			targets = (
				6A9103651D5315230009451B /* TKSectorProgressView */,
			);
		};
/* End PBXProject section */

/* Begin PBXResourcesBuildPhase section */
		6A9103641D5315230009451B /* Resources */ = {
			isa = PBXResourcesBuildPhase;
			buildActionMask = 2147483647;
			files = (
				6A9103741D5315230009451B /* LaunchScreen.storyboard in Resources */,
				6A9103711D5315230009451B /* Assets.xcassets in Resources */,
				6A91036F1D5315230009451B /* Main.storyboard in Resources */,
			);
			runOnlyForDeploymentPostprocessing = 0;
		};
/* End PBXResourcesBuildPhase section */

/* Begin PBXSourcesBuildPhase section */
		6A9103621D5315230009451B /* Sources */ = {
			isa = PBXSourcesBuildPhase;
			buildActionMask = 2147483647;
			files = (
				6A91036C1D5315230009451B /* ViewController.swift in Sources */,
				6A91036A1D5315230009451B /* AppDelegate.swift in Sources */,
			);
			runOnlyForDeploymentPostprocessing = 0;
		};
/* End PBXSourcesBuildPhase section */

/* Begin PBXVariantGroup section */
		6A91036D1D5315230009451B /* Main.storyboard */ = {
			isa = PBXVariantGroup;
			children = (
				6A91036E1D5315230009451B /* Base */,
			);
			name = Main.storyboard;
			sourceTree = "<group>";
		};
		6A9103721D5315230009451B /* LaunchScreen.storyboard */ = {
			isa = PBXVariantGroup;
			children = (
				6A9103731D5315230009451B /* Base */,
			);
			name = LaunchScreen.storyboard;
			sourceTree = "<group>";
		};
/* End PBXVariantGroup section */

/* Begin XCBuildConfiguration section */
		6A9103761D5315230009451B /* Debug */ = {
			isa = XCBuildConfiguration;
			buildSettings = {
				ALWAYS_SEARCH_USER_PATHS = NO;
				CLANG_ANALYZER_NONNULL = YES;
				CLANG_CXX_LANGUAGE_STANDARD = "gnu++0x";
				CLANG_CXX_LIBRARY = "libc++";
				CLANG_ENABLE_MODULES = YES;
				CLANG_ENABLE_OBJC_ARC = YES;
				CLANG_WARN_BOOL_CONVERSION = YES;
				CLANG_WARN_CONSTANT_CONVERSION = YES;
				CLANG_WARN_DIRECT_OBJC_ISA_USAGE = YES_ERROR;
				CLANG_WARN_EMPTY_BODY = YES;
				CLANG_WARN_ENUM_CONVERSION = YES;
				CLANG_WARN_INT_CONVERSION = YES;
				CLANG_WARN_OBJC_ROOT_CLASS = YES_ERROR;
				CLANG_WARN_UNREACHABLE_CODE = YES;
				CLANG_WARN__DUPLICATE_METHOD_MATCH = YES;
				"CODE_SIGN_IDENTITY[sdk=iphoneos*]" = "iPhone Developer";
				COPY_PHASE_STRIP = NO;
				DEBUG_INFORMATION_FORMAT = dwarf;
				ENABLE_STRICT_OBJC_MSGSEND = YES;
				ENABLE_TESTABILITY = YES;
				GCC_C_LANGUAGE_STANDARD = gnu99;
				GCC_DYNAMIC_NO_PIC = NO;
				GCC_NO_COMMON_BLOCKS = YES;
				GCC_OPTIMIZATION_LEVEL = 0;
				GCC_PREPROCESSOR_DEFINITIONS = (
					"DEBUG=1",
					"$(inherited)",
				);
				GCC_WARN_64_TO_32_BIT_CONVERSION = YES;
				GCC_WARN_ABOUT_RETURN_TYPE = YES_ERROR;
				GCC_WARN_UNDECLARED_SELECTOR = YES;
				GCC_WARN_UNINITIALIZED_AUTOS = YES_AGGRESSIVE;
				GCC_WARN_UNUSED_FUNCTION = YES;
				GCC_WARN_UNUSED_VARIABLE = YES;
				IPHONEOS_DEPLOYMENT_TARGET = 9.3;
				MTL_ENABLE_DEBUG_INFO = YES;
				ONLY_ACTIVE_ARCH = YES;
				SDKROOT = iphoneos;
				SWIFT_OPTIMIZATION_LEVEL = "-Onone";
				TARGETED_DEVICE_FAMILY = "1,2";
			};
			name = Debug;
		};
		6A9103771D5315230009451B /* Release */ = {
			isa = XCBuildConfiguration;
			buildSettings = {
				ALWAYS_SEARCH_USER_PATHS = NO;
				CLANG_ANALYZER_NONNULL = YES;
				CLANG_CXX_LANGUAGE_STANDARD = "gnu++0x";
				CLANG_CXX_LIBRARY = "libc++";
				CLANG_ENABLE_MODULES = YES;
				CLANG_ENABLE_OBJC_ARC = YES;
				CLANG_WARN_BOOL_CONVERSION = YES;
				CLANG_WARN_CONSTANT_CONVERSION = YES;
				CLANG_WARN_DIRECT_OBJC_ISA_USAGE = YES_ERROR;
				CLANG_WARN_EMPTY_BODY = YES;
				CLANG_WARN_ENUM_CONVERSION = YES;
				CLANG_WARN_INT_CONVERSION = YES;
				CLANG_WARN_OBJC_ROOT_CLASS = YES_ERROR;
				CLANG_WARN_UNREACHABLE_CODE = YES;
				CLANG_WARN__DUPLICATE_METHOD_MATCH = YES;
				"CODE_SIGN_IDENTITY[sdk=iphoneos*]" = "iPhone Developer";
				COPY_PHASE_STRIP = NO;
				DEBUG_INFORMATION_FORMAT = "dwarf-with-dsym";
				ENABLE_NS_ASSERTIONS = NO;
				ENABLE_STRICT_OBJC_MSGSEND = YES;
				GCC_C_LANGUAGE_STANDARD = gnu99;
				GCC_NO_COMMON_BLOCKS = YES;
				GCC_WARN_64_TO_32_BIT_CONVERSION = YES;
				GCC_WARN_ABOUT_RETURN_TYPE = YES_ERROR;
				GCC_WARN_UNDECLARED_SELECTOR = YES;
				GCC_WARN_UNINITIALIZED_AUTOS = YES_AGGRESSIVE;
				GCC_WARN_UNUSED_FUNCTION = YES;
				GCC_WARN_UNUSED_VARIABLE = YES;
				IPHONEOS_DEPLOYMENT_TARGET = 9.3;
				MTL_ENABLE_DEBUG_INFO = NO;
				SDKROOT = iphoneos;
				TARGETED_DEVICE_FAMILY = "1,2";
				VALIDATE_PRODUCT = YES;
			};
			name = Release;
		};
		6A9103791D5315230009451B /* Debug */ = {
			isa = XCBuildConfiguration;
			buildSettings = {
				ASSETCATALOG_COMPILER_APPICON_NAME = AppIcon;
				INFOPLIST_FILE = TKSectorProgressView/Info.plist;
				LD_RUNPATH_SEARCH_PATHS = "$(inherited) @executable_path/Frameworks";
				PRODUCT_BUNDLE_IDENTIFIER = TBXark.TKSectorProgressView;
				PRODUCT_NAME = "$(TARGET_NAME)";
			};
			name = Debug;
		};
		6A91037A1D5315230009451B /* Release */ = {
			isa = XCBuildConfiguration;
			buildSettings = {
				ASSETCATALOG_COMPILER_APPICON_NAME = AppIcon;
				INFOPLIST_FILE = TKSectorProgressView/Info.plist;
				LD_RUNPATH_SEARCH_PATHS = "$(inherited) @executable_path/Frameworks";
				PRODUCT_BUNDLE_IDENTIFIER = TBXark.TKSectorProgressView;
				PRODUCT_NAME = "$(TARGET_NAME)";
			};
			name = Release;
		};
/* End XCBuildConfiguration section */

/* Begin XCConfigurationList section */
		6A9103611D5315230009451B /* Build configuration list for PBXProject "TKSectorProgressView" */ = {
			isa = XCConfigurationList;
			buildConfigurations = (
				6A9103761D5315230009451B /* Debug */,
				6A9103771D5315230009451B /* Release */,
			);
			defaultConfigurationIsVisible = 0;
			defaultConfigurationName = Release;
		};
		6A9103781D5315230009451B /* Build configuration list for PBXNativeTarget "TKSectorProgressView" */ = {
			isa = XCConfigurationList;
			buildConfigurations = (
				6A9103791D5315230009451B /* Debug */,
				6A91037A1D5315230009451B /* Release */,
			);
			defaultConfigurationIsVisible = 0;
		};
/* End XCConfigurationList section */
	};
	rootObject = 6A91035E1D5315230009451B /* Project object */;
}
